{
  "name": "long-press-button",
  "version": "0.0.1",
  "lockfileVersion": 1,
  "requires": true,
  "dependencies": {
    "@ionic/core": {
      "version": "6.1.13",
      "resolved": "https://registry.npmjs.org/@ionic/core/-/core-6.1.13.tgz",
      "integrity": "sha512-CZ5P1El/bk6ZDKqey/67/ZgpUhVQTr+WyhGxFTnPCsIWg+VfOogQ7rHCkEqWfXJqdzNPsvtH5/Lck4qoD0nCkg==",
      "requires": {
        "@stencil/core": "^2.16.0",
        "ionicons": "^6.0.2",
        "tslib": "^2.1.0"
      },
      "dependencies": {
        "@stencil/core": {
          "version": "2.17.0",
          "resolved": "https://registry.npmjs.org/@stencil/core/-/core-2.17.0.tgz",
          "integrity": "sha512-KJJH097K2TJlJWj2LANWO0yXCidxOpv1L2MmtYqFxE443t75fxOhtKBZq6zebDaZj2DFGlUtV4pcM/uapfd8TQ=="
        }
      }
    },
    "ionicons": {
      "version": "6.0.2",
      "resolved": "https://registry.npmjs.org/ionicons/-/ionicons-6.0.2.tgz",
      "integrity": "sha512-AyKfFaUKVoBz4eB8XkU7H1R5HFnVsgq5ijqSdbXC0lES9PDK/J6LUQz6XUJq0mVVQF5k9kczSPOLMW3mszG0mQ==",
      "requires": {
        "@stencil/core": "~2.16.0"
      },
      "dependencies": {
        "@stencil/core": {
          "version": "2.16.1",
          "resolved": "https://registry.npmjs.org/@stencil/core/-/core-2.16.1.tgz",
          "integrity": "sha512-s/UJp9qxExL3DyQPT70kiuWeb3AdjbUZM+5lEIXn30I2DLcLYPOPXfsoWJODieQywq+3vPiLZeIdkoqjf6jcSw=="
        }
      }
    },
    "tslib": {
      "version": "2.4.0",
      "resolved": "https://registry.npmjs.org/tslib/-/tslib-2.4.0.tgz",
      "integrity": "sha512-d6xOpEDfsi2CZVlPQzGeux8XMwLT9hssAsaPYExaQMuYskwb+x1x7J371tWlbBdWHroy99KnVB6qIkUbs5X3UQ=="
    }
  }
}
